
Microsoft Visual Studio Solution File, Format Version 12.00
# Visual Studio Version 16
VisualStudioVersion = 16.0.30114.105
MinimumVisualStudioVersion = 10.0.40219.1
Project("{FAE04EC0-301F-11D3-BF4B-00C04F79EFBC}") = "API", "API\API.csproj", "{CBF193CA-06C7-473B-9A6D-D7C8FDD490E0}"
EndProject
Project("{FAE04EC0-301F-11D3-BF4B-00C04F79EFBC}") = "application", "Application\application.csproj", "{674BA7C1-8F52-45C3-A51C-48D86A5F6806}"
EndProject
Project("{FAE04EC0-301F-11D3-BF4B-00C04F79EFBC}") = "Domain", "Domain\Domain.csproj", "{A6A9CD20-94EC-4E41-97C8-C1760E370B39}"
EndProject
Project("{FAE04EC0-301F-11D3-BF4B-00C04F79EFBC}") = "Persistence", "Persistence\Persistence.csproj", "{902B93F4-4829-4301-8999-D07EB986553A}"
EndProject
Global
	GlobalSection(SolutionConfigurationPlatforms) = preSolution
		Debug|Any CPU = Debug|Any CPU
		Debug|x64 = Debug|x64
		Debug|x86 = Debug|x86
		Release|Any CPU = Release|Any CPU
		Release|x64 = Release|x64
		Release|x86 = Release|x86
	EndGlobalSection
	GlobalSection(SolutionProperties) = preSolution
		HideSolutionNode = FALSE
	EndGlobalSection
	GlobalSection(ProjectConfigurationPlatforms) = postSolution
		{CBF193CA-06C7-473B-9A6D-D7C8FDD490E0}.Debug|Any CPU.ActiveCfg = Debug|Any CPU
		{CBF193CA-06C7-473B-9A6D-D7C8FDD490E0}.Debug|Any CPU.Build.0 = Debug|Any CPU
		{CBF193CA-06C7-473B-9A6D-D7C8FDD490E0}.Debug|x64.ActiveCfg = Debug|Any CPU
		{CBF193CA-06C7-473B-9A6D-D7C8FDD490E0}.Debug|x64.Build.0 = Debug|Any CPU
		{CBF193CA-06C7-473B-9A6D-D7C8FDD490E0}.Debug|x86.ActiveCfg = Debug|Any CPU
		{CBF193CA-06C7-473B-9A6D-D7C8FDD490E0}.Debug|x86.Build.0 = Debug|Any CPU
		{CBF193CA-06C7-473B-9A6D-D7C8FDD490E0}.Release|Any CPU.ActiveCfg = Release|Any CPU
		{CBF193CA-06C7-473B-9A6D-D7C8FDD490E0}.Release|Any CPU.Build.0 = Release|Any CPU
		{CBF193CA-06C7-473B-9A6D-D7C8FDD490E0}.Release|x64.ActiveCfg = Release|Any CPU
		{CBF193CA-06C7-473B-9A6D-D7C8FDD490E0}.Release|x64.Build.0 = Release|Any CPU
		{CBF193CA-06C7-473B-9A6D-D7C8FDD490E0}.Release|x86.ActiveCfg = Release|Any CPU
		{CBF193CA-06C7-473B-9A6D-D7C8FDD490E0}.Release|x86.Build.0 = Release|Any CPU
		{674BA7C1-8F52-45C3-A51C-48D86A5F6806}.Debug|Any CPU.ActiveCfg = Debug|Any CPU
		{674BA7C1-8F52-45C3-A51C-48D86A5F6806}.Debug|Any CPU.Build.0 = Debug|Any CPU
		{674BA7C1-8F52-45C3-A51C-48D86A5F6806}.Debug|x64.ActiveCfg = Debug|Any CPU
		{674BA7C1-8F52-45C3-A51C-48D86A5F6806}.Debug|x64.Build.0 = Debug|Any CPU
		{674BA7C1-8F52-45C3-A51C-48D86A5F6806}.Debug|x86.ActiveCfg = Debug|Any CPU
		{674BA7C1-8F52-45C3-A51C-48D86A5F6806}.Debug|x86.Build.0 = Debug|Any CPU
		{674BA7C1-8F52-45C3-A51C-48D86A5F6806}.Release|Any CPU.ActiveCfg = Release|Any CPU
		{674BA7C1-8F52-45C3-A51C-48D86A5F6806}.Release|Any CPU.Build.0 = Release|Any CPU
		{674BA7C1-8F52-45C3-A51C-48D86A5F6806}.Release|x64.ActiveCfg = Release|Any CPU
		{674BA7C1-8F52-45C3-A51C-48D86A5F6806}.Release|x64.Build.0 = Release|Any CPU
		{674BA7C1-8F52-45C3-A51C-48D86A5F6806}.Release|x86.ActiveCfg = Release|Any CPU
		{674BA7C1-8F52-45C3-A51C-48D86A5F6806}.Release|x86.Build.0 = Release|Any CPU
		{A6A9CD20-94EC-4E41-97C8-C1760E370B39}.Debug|Any CPU.ActiveCfg = Debug|Any CPU
		{A6A9CD20-94EC-4E41-97C8-C1760E370B39}.Debug|Any CPU.Build.0 = Debug|Any CPU
		{A6A9CD20-94EC-4E41-97C8-C1760E370B39}.Debug|x64.ActiveCfg = Debug|Any CPU
		{A6A9CD20-94EC-4E41-97C8-C1760E370B39}.Debug|x64.Build.0 = Debug|Any CPU
		{A6A9CD20-94EC-4E41-97C8-C1760E370B39}.Debug|x86.ActiveCfg = Debug|Any CPU
		{A6A9CD20-94EC-4E41-97C8-C1760E370B39}.Debug|x86.Build.0 = Debug|Any CPU
		{A6A9CD20-94EC-4E41-97C8-C1760E370B39}.Release|Any CPU.ActiveCfg = Release|Any CPU
		{A6A9CD20-94EC-4E41-97C8-C1760E370B39}.Release|Any CPU.Build.0 = Release|Any CPU
		{A6A9CD20-94EC-4E41-97C8-C1760E370B39}.Release|x64.ActiveCfg = Release|Any CPU
		{A6A9CD20-94EC-4E41-97C8-C1760E370B39}.Release|x64.Build.0 = Release|Any CPU
		{A6A9CD20-94EC-4E41-97C8-C1760E370B39}.Release|x86.ActiveCfg = Release|Any CPU
		{A6A9CD20-94EC-4E41-97C8-C1760E370B39}.Release|x86.Build.0 = Release|Any CPU
		{902B93F4-4829-4301-8999-D07EB986553A}.Debug|Any CPU.ActiveCfg = Debug|Any CPU
		{902B93F4-4829-4301-8999-D07EB986553A}.Debug|Any CPU.Build.0 = Debug|Any CPU
		{902B93F4-4829-4301-8999-D07EB986553A}.Debug|x64.ActiveCfg = Debug|Any CPU
		{902B93F4-4829-4301-8999-D07EB986553A}.Debug|x64.Build.0 = Debug|Any CPU
		{902B93F4-4829-4301-8999-D07EB986553A}.Debug|x86.ActiveCfg = Debug|Any CPU
		{902B93F4-4829-4301-8999-D07EB986553A}.Debug|x86.Build.0 = Debug|Any CPU
		{902B93F4-4829-4301-8999-D07EB986553A}.Release|Any CPU.ActiveCfg = Release|Any CPU
		{902B93F4-4829-4301-8999-D07EB986553A}.Release|Any CPU.Build.0 = Release|Any CPU
		{902B93F4-4829-4301-8999-D07EB986553A}.Release|x64.ActiveCfg = Release|Any CPU
		{902B93F4-4829-4301-8999-D07EB986553A}.Release|x64.Build.0 = Release|Any CPU
		{902B93F4-4829-4301-8999-D07EB986553A}.Release|x86.ActiveCfg = Release|Any CPU
		{902B93F4-4829-4301-8999-D07EB986553A}.Release|x86.Build.0 = Release|Any CPU
	EndGlobalSection
EndGlobal
